
Microsoft Visual Studio Solution File, Format Version 12.00
# Visual Studio 15
VisualStudioVersion = 15.0.28010.2026
MinimumVisualStudioVersion = 10.0.40219.1
Project("{FAE04EC0-301F-11D3-BF4B-00C04F79EFBC}") = "FTPUpload", "FTPUpload\FTPUpload.csproj", "{CD596944-7090-4295-88D6-654FAAE60A89}"
EndProject
Global
	GlobalSection(SolutionConfigurationPlatforms) = preSolution
		Debug|Any CPU = Debug|Any CPU
		Release|Any CPU = Release|Any CPU
	EndGlobalSection
	GlobalSection(ProjectConfigurationPlatforms) = postSolution
		{CD596944-7090-4295-88D6-654FAAE60A89}.Debug|Any CPU.ActiveCfg = Debug|Any CPU
		{CD596944-7090-4295-88D6-654FAAE60A89}.Debug|Any CPU.Build.0 = Debug|Any CPU
		{CD596944-7090-4295-88D6-654FAAE60A89}.Release|Any CPU.ActiveCfg = Release|Any CPU
		{CD596944-7090-4295-88D6-654FAAE60A89}.Release|Any CPU.Build.0 = Release|Any CPU
	EndGlobalSection
	GlobalSection(SolutionProperties) = preSolution
		HideSolutionNode = FALSE
	EndGlobalSection
	GlobalSection(ExtensibilityGlobals) = postSolution
		SolutionGuid = {3E50E5B5-DDC2-45B1-A0F3-18AE3C10A636}
	EndGlobalSection
EndGlobal
