
Microsoft Visual Studio Solution File, Format Version 12.00
# Visual Studio 15
VisualStudioVersion = 15.0.28010.2026
MinimumVisualStudioVersion = 10.0.40219.1
Project("{8BC9CEB8-8B4A-11D0-8D11-00A0C91BC942}") = "test", "test\test.vcxproj", "{B485239E-C3CC-4664-9836-535DF9B168DF}"
EndProject
Global
	GlobalSection(SolutionConfigurationPlatforms) = preSolution
		Debug|x64 = Debug|x64
		Debug|x86 = Debug|x86
		Release|x64 = Release|x64
		Release|x86 = Release|x86
	EndGlobalSection
	GlobalSection(ProjectConfigurationPlatforms) = postSolution
		{B485239E-C3CC-4664-9836-535DF9B168DF}.Debug|x64.ActiveCfg = Debug|x64
		{B485239E-C3CC-4664-9836-535DF9B168DF}.Debug|x64.Build.0 = Debug|x64
		{B485239E-C3CC-4664-9836-535DF9B168DF}.Debug|x86.ActiveCfg = Debug|Win32
		{B485239E-C3CC-4664-9836-535DF9B168DF}.Debug|x86.Build.0 = Debug|Win32
		{B485239E-C3CC-4664-9836-535DF9B168DF}.Release|x64.ActiveCfg = Release|x64
		{B485239E-C3CC-4664-9836-535DF9B168DF}.Release|x64.Build.0 = Release|x64
		{B485239E-C3CC-4664-9836-535DF9B168DF}.Release|x86.ActiveCfg = Release|Win32
		{B485239E-C3CC-4664-9836-535DF9B168DF}.Release|x86.Build.0 = Release|Win32
	EndGlobalSection
	GlobalSection(SolutionProperties) = preSolution
		HideSolutionNode = FALSE
	EndGlobalSection
	GlobalSection(ExtensibilityGlobals) = postSolution
		SolutionGuid = {06E8AE7A-6B1F-4ED9-975E-59F473FE32B5}
	EndGlobalSection
EndGlobal
