
Microsoft Visual Studio Solution File, Format Version 12.00
# Visual Studio 15
VisualStudioVersion = 15.0.28010.2026
MinimumVisualStudioVersion = 10.0.40219.1
Project("{9A19103F-16F7-4668-BE54-9A1E7A4F7556}") = "Commit_Test", "Commit_Test\Commit_Test.csproj", "{3196F9CB-D96E-4F4F-A0FB-EB27104E9E5A}"
EndProject
Project("{FAE04EC0-301F-11D3-BF4B-00C04F79EFBC}") = "ThreadSend", "ThreadSend\ThreadSend.csproj", "{95710A4E-4F71-4510-9DF0-665B4BAEDBBA}"
EndProject
Project("{FAE04EC0-301F-11D3-BF4B-00C04F79EFBC}") = "ThreadReceive", "ThreadReceive\ThreadReceive.csproj", "{6FD1852A-B7A0-45BE-B572-1E0A90ABE913}"
EndProject
Project("{FAE04EC0-301F-11D3-BF4B-00C04F79EFBC}") = "ThreadReceiveData", "ThreadReceiveData\ThreadReceiveData.csproj", "{9DAAA514-23FA-4002-A83C-88CE1B90BB7E}"
EndProject
Project("{FAE04EC0-301F-11D3-BF4B-00C04F79EFBC}") = "mook_parameterThread", "mook_parameterThread\mook_parameterThread.csproj", "{711D047B-DB8C-4B73-A29C-4B9056837F3E}"
EndProject
Project("{FAE04EC0-301F-11D3-BF4B-00C04F79EFBC}") = "mook_EventNumCatch", "mook_EventNumCatch\mook_EventNumCatch.csproj", "{0ACA8C0C-59DA-4251-9AB5-F2FA916321DF}"
EndProject
Project("{FAE04EC0-301F-11D3-BF4B-00C04F79EFBC}") = "MsgForm", "MsgForm\MsgForm.csproj", "{B97612C1-04EE-4423-A893-000FEF2C218B}"
EndProject
Project("{FAE04EC0-301F-11D3-BF4B-00C04F79EFBC}") = "IPHost_Ex", "IPHost_Ex\IPHost_Ex.csproj", "{63060C99-780C-438C-A50D-383D09A13BD4}"
EndProject
Project("{FAE04EC0-301F-11D3-BF4B-00C04F79EFBC}") = "PrimeNumber", "PrimeNumber\PrimeNumber.csproj", "{669095E2-B499-4F08-9C0B-0A2288141391}"
EndProject
Project("{FAE04EC0-301F-11D3-BF4B-00C04F79EFBC}") = "ConsoleServer", "ConsoleServer\ConsoleServer.csproj", "{CD8DAFAE-DBC3-4A23-961B-5C722FD2F541}"
EndProject
Project("{FAE04EC0-301F-11D3-BF4B-00C04F79EFBC}") = "ConsoleClient", "ConsoleClient\ConsoleClient.csproj", "{4995EDBB-750D-4C93-8489-C8C29DB750C7}"
EndProject
Global
	GlobalSection(SolutionConfigurationPlatforms) = preSolution
		Debug|Any CPU = Debug|Any CPU
		Release|Any CPU = Release|Any CPU
	EndGlobalSection
	GlobalSection(ProjectConfigurationPlatforms) = postSolution
		{3196F9CB-D96E-4F4F-A0FB-EB27104E9E5A}.Debug|Any CPU.ActiveCfg = Debug|Any CPU
		{3196F9CB-D96E-4F4F-A0FB-EB27104E9E5A}.Debug|Any CPU.Build.0 = Debug|Any CPU
		{3196F9CB-D96E-4F4F-A0FB-EB27104E9E5A}.Release|Any CPU.ActiveCfg = Release|Any CPU
		{3196F9CB-D96E-4F4F-A0FB-EB27104E9E5A}.Release|Any CPU.Build.0 = Release|Any CPU
		{95710A4E-4F71-4510-9DF0-665B4BAEDBBA}.Debug|Any CPU.ActiveCfg = Debug|Any CPU
		{95710A4E-4F71-4510-9DF0-665B4BAEDBBA}.Debug|Any CPU.Build.0 = Debug|Any CPU
		{95710A4E-4F71-4510-9DF0-665B4BAEDBBA}.Release|Any CPU.ActiveCfg = Release|Any CPU
		{95710A4E-4F71-4510-9DF0-665B4BAEDBBA}.Release|Any CPU.Build.0 = Release|Any CPU
		{6FD1852A-B7A0-45BE-B572-1E0A90ABE913}.Debug|Any CPU.ActiveCfg = Debug|Any CPU
		{6FD1852A-B7A0-45BE-B572-1E0A90ABE913}.Debug|Any CPU.Build.0 = Debug|Any CPU
		{6FD1852A-B7A0-45BE-B572-1E0A90ABE913}.Release|Any CPU.ActiveCfg = Release|Any CPU
		{6FD1852A-B7A0-45BE-B572-1E0A90ABE913}.Release|Any CPU.Build.0 = Release|Any CPU
		{9DAAA514-23FA-4002-A83C-88CE1B90BB7E}.Debug|Any CPU.ActiveCfg = Debug|Any CPU
		{9DAAA514-23FA-4002-A83C-88CE1B90BB7E}.Debug|Any CPU.Build.0 = Debug|Any CPU
		{9DAAA514-23FA-4002-A83C-88CE1B90BB7E}.Release|Any CPU.ActiveCfg = Release|Any CPU
		{9DAAA514-23FA-4002-A83C-88CE1B90BB7E}.Release|Any CPU.Build.0 = Release|Any CPU
		{711D047B-DB8C-4B73-A29C-4B9056837F3E}.Debug|Any CPU.ActiveCfg = Debug|Any CPU
		{711D047B-DB8C-4B73-A29C-4B9056837F3E}.Debug|Any CPU.Build.0 = Debug|Any CPU
		{711D047B-DB8C-4B73-A29C-4B9056837F3E}.Release|Any CPU.ActiveCfg = Release|Any CPU
		{711D047B-DB8C-4B73-A29C-4B9056837F3E}.Release|Any CPU.Build.0 = Release|Any CPU
		{0ACA8C0C-59DA-4251-9AB5-F2FA916321DF}.Debug|Any CPU.ActiveCfg = Debug|Any CPU
		{0ACA8C0C-59DA-4251-9AB5-F2FA916321DF}.Debug|Any CPU.Build.0 = Debug|Any CPU
		{0ACA8C0C-59DA-4251-9AB5-F2FA916321DF}.Release|Any CPU.ActiveCfg = Release|Any CPU
		{0ACA8C0C-59DA-4251-9AB5-F2FA916321DF}.Release|Any CPU.Build.0 = Release|Any CPU
		{B97612C1-04EE-4423-A893-000FEF2C218B}.Debug|Any CPU.ActiveCfg = Debug|Any CPU
		{B97612C1-04EE-4423-A893-000FEF2C218B}.Debug|Any CPU.Build.0 = Debug|Any CPU
		{B97612C1-04EE-4423-A893-000FEF2C218B}.Release|Any CPU.ActiveCfg = Release|Any CPU
		{B97612C1-04EE-4423-A893-000FEF2C218B}.Release|Any CPU.Build.0 = Release|Any CPU
		{63060C99-780C-438C-A50D-383D09A13BD4}.Debug|Any CPU.ActiveCfg = Debug|Any CPU
		{63060C99-780C-438C-A50D-383D09A13BD4}.Debug|Any CPU.Build.0 = Debug|Any CPU
		{63060C99-780C-438C-A50D-383D09A13BD4}.Release|Any CPU.ActiveCfg = Release|Any CPU
		{63060C99-780C-438C-A50D-383D09A13BD4}.Release|Any CPU.Build.0 = Release|Any CPU
		{669095E2-B499-4F08-9C0B-0A2288141391}.Debug|Any CPU.ActiveCfg = Debug|Any CPU
		{669095E2-B499-4F08-9C0B-0A2288141391}.Debug|Any CPU.Build.0 = Debug|Any CPU
		{669095E2-B499-4F08-9C0B-0A2288141391}.Release|Any CPU.ActiveCfg = Release|Any CPU
		{669095E2-B499-4F08-9C0B-0A2288141391}.Release|Any CPU.Build.0 = Release|Any CPU
		{CD8DAFAE-DBC3-4A23-961B-5C722FD2F541}.Debug|Any CPU.ActiveCfg = Debug|Any CPU
		{CD8DAFAE-DBC3-4A23-961B-5C722FD2F541}.Debug|Any CPU.Build.0 = Debug|Any CPU
		{CD8DAFAE-DBC3-4A23-961B-5C722FD2F541}.Release|Any CPU.ActiveCfg = Release|Any CPU
		{CD8DAFAE-DBC3-4A23-961B-5C722FD2F541}.Release|Any CPU.Build.0 = Release|Any CPU
		{4995EDBB-750D-4C93-8489-C8C29DB750C7}.Debug|Any CPU.ActiveCfg = Debug|Any CPU
		{4995EDBB-750D-4C93-8489-C8C29DB750C7}.Debug|Any CPU.Build.0 = Debug|Any CPU
		{4995EDBB-750D-4C93-8489-C8C29DB750C7}.Release|Any CPU.ActiveCfg = Release|Any CPU
		{4995EDBB-750D-4C93-8489-C8C29DB750C7}.Release|Any CPU.Build.0 = Release|Any CPU
	EndGlobalSection
	GlobalSection(SolutionProperties) = preSolution
		HideSolutionNode = FALSE
	EndGlobalSection
	GlobalSection(ExtensibilityGlobals) = postSolution
		SolutionGuid = {B7094B43-2CED-4530-9CF9-A95357F4F7AC}
	EndGlobalSection
EndGlobal
