
Microsoft Visual Studio Solution File, Format Version 12.00
# Visual Studio 15
VisualStudioVersion = 15.0.28010.2026
MinimumVisualStudioVersion = 10.0.40219.1
Project("{FAE04EC0-301F-11D3-BF4B-00C04F79EFBC}") = "UDP_Comm_Console", "UDP_Comm_Console\UDP_Comm_Console.csproj", "{B8DA3DCC-A47A-491C-A669-04DD51A901B1}"
EndProject
Global
	GlobalSection(SolutionConfigurationPlatforms) = preSolution
		Debug|Any CPU = Debug|Any CPU
		Release|Any CPU = Release|Any CPU
	EndGlobalSection
	GlobalSection(ProjectConfigurationPlatforms) = postSolution
		{B8DA3DCC-A47A-491C-A669-04DD51A901B1}.Debug|Any CPU.ActiveCfg = Debug|Any CPU
		{B8DA3DCC-A47A-491C-A669-04DD51A901B1}.Debug|Any CPU.Build.0 = Debug|Any CPU
		{B8DA3DCC-A47A-491C-A669-04DD51A901B1}.Release|Any CPU.ActiveCfg = Release|Any CPU
		{B8DA3DCC-A47A-491C-A669-04DD51A901B1}.Release|Any CPU.Build.0 = Release|Any CPU
	EndGlobalSection
	GlobalSection(SolutionProperties) = preSolution
		HideSolutionNode = FALSE
	EndGlobalSection
	GlobalSection(ExtensibilityGlobals) = postSolution
		SolutionGuid = {8F6D3677-B1D0-45C5-8DCE-9984E60E8DFC}
	EndGlobalSection
EndGlobal
