
Microsoft Visual Studio Solution File, Format Version 12.00
# Visual Studio 15
VisualStudioVersion = 15.0.28010.2026
MinimumVisualStudioVersion = 10.0.40219.1
Project("{FAE04EC0-301F-11D3-BF4B-00C04F79EFBC}") = "ChatClient", "ChatClient\ChatClient.csproj", "{CE7DECEE-7947-4E3D-84F1-85E246F31954}"
EndProject
Project("{FAE04EC0-301F-11D3-BF4B-00C04F79EFBC}") = "StartForm", "StartForm\StartForm.csproj", "{892DFE75-936C-4957-B87F-09BA0F9472F9}"
EndProject
Project("{FAE04EC0-301F-11D3-BF4B-00C04F79EFBC}") = "LoginForm", "LoginForm\LoginForm.csproj", "{B18DF176-F3AB-4CD6-BA60-0EB47072C5E4}"
EndProject
Project("{FAE04EC0-301F-11D3-BF4B-00C04F79EFBC}") = "ListForm", "ListForm\ListForm.csproj", "{44540DDA-6D32-49F2-A1C7-B3586BF65F7E}"
EndProject
Project("{FAE04EC0-301F-11D3-BF4B-00C04F79EFBC}") = "Server", "Server\Server.csproj", "{98336EC7-40FC-425C-9846-EAEABDF462BB}"
EndProject
Project("{FAE04EC0-301F-11D3-BF4B-00C04F79EFBC}") = "RegisterForm", "RegisterForm\RegisterForm.csproj", "{30FC534B-4305-466D-89DA-38FF4ADEA720}"
EndProject
Global
	GlobalSection(SolutionConfigurationPlatforms) = preSolution
		Debug|Any CPU = Debug|Any CPU
		Debug|x64 = Debug|x64
		Debug|x86 = Debug|x86
		Release|Any CPU = Release|Any CPU
		Release|x64 = Release|x64
		Release|x86 = Release|x86
	EndGlobalSection
	GlobalSection(ProjectConfigurationPlatforms) = postSolution
		{CE7DECEE-7947-4E3D-84F1-85E246F31954}.Debug|Any CPU.ActiveCfg = Debug|Any CPU
		{CE7DECEE-7947-4E3D-84F1-85E246F31954}.Debug|x64.ActiveCfg = Debug|Any CPU
		{CE7DECEE-7947-4E3D-84F1-85E246F31954}.Debug|x64.Build.0 = Debug|Any CPU
		{CE7DECEE-7947-4E3D-84F1-85E246F31954}.Debug|x86.ActiveCfg = Debug|Any CPU
		{CE7DECEE-7947-4E3D-84F1-85E246F31954}.Debug|x86.Build.0 = Debug|Any CPU
		{CE7DECEE-7947-4E3D-84F1-85E246F31954}.Release|Any CPU.ActiveCfg = Release|Any CPU
		{CE7DECEE-7947-4E3D-84F1-85E246F31954}.Release|Any CPU.Build.0 = Release|Any CPU
		{CE7DECEE-7947-4E3D-84F1-85E246F31954}.Release|x64.ActiveCfg = Release|Any CPU
		{CE7DECEE-7947-4E3D-84F1-85E246F31954}.Release|x64.Build.0 = Release|Any CPU
		{CE7DECEE-7947-4E3D-84F1-85E246F31954}.Release|x86.ActiveCfg = Release|Any CPU
		{CE7DECEE-7947-4E3D-84F1-85E246F31954}.Release|x86.Build.0 = Release|Any CPU
		{892DFE75-936C-4957-B87F-09BA0F9472F9}.Debug|Any CPU.ActiveCfg = Debug|Any CPU
		{892DFE75-936C-4957-B87F-09BA0F9472F9}.Debug|Any CPU.Build.0 = Debug|Any CPU
		{892DFE75-936C-4957-B87F-09BA0F9472F9}.Debug|x64.ActiveCfg = Debug|Any CPU
		{892DFE75-936C-4957-B87F-09BA0F9472F9}.Debug|x64.Build.0 = Debug|Any CPU
		{892DFE75-936C-4957-B87F-09BA0F9472F9}.Debug|x86.ActiveCfg = Debug|Any CPU
		{892DFE75-936C-4957-B87F-09BA0F9472F9}.Debug|x86.Build.0 = Debug|Any CPU
		{892DFE75-936C-4957-B87F-09BA0F9472F9}.Release|Any CPU.ActiveCfg = Release|Any CPU
		{892DFE75-936C-4957-B87F-09BA0F9472F9}.Release|Any CPU.Build.0 = Release|Any CPU
		{892DFE75-936C-4957-B87F-09BA0F9472F9}.Release|x64.ActiveCfg = Release|Any CPU
		{892DFE75-936C-4957-B87F-09BA0F9472F9}.Release|x64.Build.0 = Release|Any CPU
		{892DFE75-936C-4957-B87F-09BA0F9472F9}.Release|x86.ActiveCfg = Release|Any CPU
		{892DFE75-936C-4957-B87F-09BA0F9472F9}.Release|x86.Build.0 = Release|Any CPU
		{B18DF176-F3AB-4CD6-BA60-0EB47072C5E4}.Debug|Any CPU.ActiveCfg = Debug|Any CPU
		{B18DF176-F3AB-4CD6-BA60-0EB47072C5E4}.Debug|Any CPU.Build.0 = Debug|Any CPU
		{B18DF176-F3AB-4CD6-BA60-0EB47072C5E4}.Debug|x64.ActiveCfg = Debug|Any CPU
		{B18DF176-F3AB-4CD6-BA60-0EB47072C5E4}.Debug|x64.Build.0 = Debug|Any CPU
		{B18DF176-F3AB-4CD6-BA60-0EB47072C5E4}.Debug|x86.ActiveCfg = Debug|Any CPU
		{B18DF176-F3AB-4CD6-BA60-0EB47072C5E4}.Debug|x86.Build.0 = Debug|Any CPU
		{B18DF176-F3AB-4CD6-BA60-0EB47072C5E4}.Release|Any CPU.ActiveCfg = Release|Any CPU
		{B18DF176-F3AB-4CD6-BA60-0EB47072C5E4}.Release|Any CPU.Build.0 = Release|Any CPU
		{B18DF176-F3AB-4CD6-BA60-0EB47072C5E4}.Release|x64.ActiveCfg = Release|Any CPU
		{B18DF176-F3AB-4CD6-BA60-0EB47072C5E4}.Release|x64.Build.0 = Release|Any CPU
		{B18DF176-F3AB-4CD6-BA60-0EB47072C5E4}.Release|x86.ActiveCfg = Release|Any CPU
		{B18DF176-F3AB-4CD6-BA60-0EB47072C5E4}.Release|x86.Build.0 = Release|Any CPU
		{44540DDA-6D32-49F2-A1C7-B3586BF65F7E}.Debug|Any CPU.ActiveCfg = Debug|Any CPU
		{44540DDA-6D32-49F2-A1C7-B3586BF65F7E}.Debug|x64.ActiveCfg = Debug|Any CPU
		{44540DDA-6D32-49F2-A1C7-B3586BF65F7E}.Debug|x64.Build.0 = Debug|Any CPU
		{44540DDA-6D32-49F2-A1C7-B3586BF65F7E}.Debug|x86.ActiveCfg = Debug|Any CPU
		{44540DDA-6D32-49F2-A1C7-B3586BF65F7E}.Debug|x86.Build.0 = Debug|Any CPU
		{44540DDA-6D32-49F2-A1C7-B3586BF65F7E}.Release|Any CPU.ActiveCfg = Release|Any CPU
		{44540DDA-6D32-49F2-A1C7-B3586BF65F7E}.Release|Any CPU.Build.0 = Release|Any CPU
		{44540DDA-6D32-49F2-A1C7-B3586BF65F7E}.Release|x64.ActiveCfg = Release|Any CPU
		{44540DDA-6D32-49F2-A1C7-B3586BF65F7E}.Release|x64.Build.0 = Release|Any CPU
		{44540DDA-6D32-49F2-A1C7-B3586BF65F7E}.Release|x86.ActiveCfg = Release|Any CPU
		{44540DDA-6D32-49F2-A1C7-B3586BF65F7E}.Release|x86.Build.0 = Release|Any CPU
		{98336EC7-40FC-425C-9846-EAEABDF462BB}.Debug|Any CPU.ActiveCfg = Debug|Any CPU
		{98336EC7-40FC-425C-9846-EAEABDF462BB}.Debug|Any CPU.Build.0 = Debug|Any CPU
		{98336EC7-40FC-425C-9846-EAEABDF462BB}.Debug|x64.ActiveCfg = Debug|Any CPU
		{98336EC7-40FC-425C-9846-EAEABDF462BB}.Debug|x64.Build.0 = Debug|Any CPU
		{98336EC7-40FC-425C-9846-EAEABDF462BB}.Debug|x86.ActiveCfg = Debug|Any CPU
		{98336EC7-40FC-425C-9846-EAEABDF462BB}.Debug|x86.Build.0 = Debug|Any CPU
		{98336EC7-40FC-425C-9846-EAEABDF462BB}.Release|Any CPU.ActiveCfg = Release|Any CPU
		{98336EC7-40FC-425C-9846-EAEABDF462BB}.Release|Any CPU.Build.0 = Release|Any CPU
		{98336EC7-40FC-425C-9846-EAEABDF462BB}.Release|x64.ActiveCfg = Release|Any CPU
		{98336EC7-40FC-425C-9846-EAEABDF462BB}.Release|x64.Build.0 = Release|Any CPU
		{98336EC7-40FC-425C-9846-EAEABDF462BB}.Release|x86.ActiveCfg = Release|Any CPU
		{98336EC7-40FC-425C-9846-EAEABDF462BB}.Release|x86.Build.0 = Release|Any CPU
		{30FC534B-4305-466D-89DA-38FF4ADEA720}.Debug|Any CPU.ActiveCfg = Debug|Any CPU
		{30FC534B-4305-466D-89DA-38FF4ADEA720}.Debug|Any CPU.Build.0 = Debug|Any CPU
		{30FC534B-4305-466D-89DA-38FF4ADEA720}.Debug|x64.ActiveCfg = Debug|Any CPU
		{30FC534B-4305-466D-89DA-38FF4ADEA720}.Debug|x64.Build.0 = Debug|Any CPU
		{30FC534B-4305-466D-89DA-38FF4ADEA720}.Debug|x86.ActiveCfg = Debug|Any CPU
		{30FC534B-4305-466D-89DA-38FF4ADEA720}.Debug|x86.Build.0 = Debug|Any CPU
		{30FC534B-4305-466D-89DA-38FF4ADEA720}.Release|Any CPU.ActiveCfg = Release|Any CPU
		{30FC534B-4305-466D-89DA-38FF4ADEA720}.Release|Any CPU.Build.0 = Release|Any CPU
		{30FC534B-4305-466D-89DA-38FF4ADEA720}.Release|x64.ActiveCfg = Release|Any CPU
		{30FC534B-4305-466D-89DA-38FF4ADEA720}.Release|x64.Build.0 = Release|Any CPU
		{30FC534B-4305-466D-89DA-38FF4ADEA720}.Release|x86.ActiveCfg = Release|Any CPU
		{30FC534B-4305-466D-89DA-38FF4ADEA720}.Release|x86.Build.0 = Release|Any CPU
	EndGlobalSection
	GlobalSection(SolutionProperties) = preSolution
		HideSolutionNode = FALSE
	EndGlobalSection
	GlobalSection(ExtensibilityGlobals) = postSolution
		SolutionGuid = {0F1B74C5-FA60-4E88-836D-93E90506A7D0}
	EndGlobalSection
EndGlobal
