
Microsoft Visual Studio Solution File, Format Version 12.00
# Visual Studio 15
VisualStudioVersion = 15.0.28010.2026
MinimumVisualStudioVersion = 10.0.40219.1
Project("{FAE04EC0-301F-11D3-BF4B-00C04F79EFBC}") = "UDPClient", "UDPClient\UDPClient.csproj", "{9183DD10-7C5D-4982-BD24-BC298499D9D3}"
EndProject
Project("{FAE04EC0-301F-11D3-BF4B-00C04F79EFBC}") = "UDP_Comm_Console", "UDP_Comm_Console\UDP_Comm_Console.csproj", "{7A7B28E0-C09D-44F8-9406-41B0E32B5853}"
EndProject
Global
	GlobalSection(SolutionConfigurationPlatforms) = preSolution
		Debug|Any CPU = Debug|Any CPU
		Release|Any CPU = Release|Any CPU
	EndGlobalSection
	GlobalSection(ProjectConfigurationPlatforms) = postSolution
		{9183DD10-7C5D-4982-BD24-BC298499D9D3}.Debug|Any CPU.ActiveCfg = Debug|Any CPU
		{9183DD10-7C5D-4982-BD24-BC298499D9D3}.Debug|Any CPU.Build.0 = Debug|Any CPU
		{9183DD10-7C5D-4982-BD24-BC298499D9D3}.Release|Any CPU.ActiveCfg = Release|Any CPU
		{9183DD10-7C5D-4982-BD24-BC298499D9D3}.Release|Any CPU.Build.0 = Release|Any CPU
		{7A7B28E0-C09D-44F8-9406-41B0E32B5853}.Debug|Any CPU.ActiveCfg = Debug|Any CPU
		{7A7B28E0-C09D-44F8-9406-41B0E32B5853}.Debug|Any CPU.Build.0 = Debug|Any CPU
		{7A7B28E0-C09D-44F8-9406-41B0E32B5853}.Release|Any CPU.ActiveCfg = Release|Any CPU
		{7A7B28E0-C09D-44F8-9406-41B0E32B5853}.Release|Any CPU.Build.0 = Release|Any CPU
	EndGlobalSection
	GlobalSection(SolutionProperties) = preSolution
		HideSolutionNode = FALSE
	EndGlobalSection
	GlobalSection(ExtensibilityGlobals) = postSolution
		SolutionGuid = {7B1DE0E9-70B4-45F3-9592-50DB58BFE4EA}
	EndGlobalSection
EndGlobal
